
Microsoft Visual Studio Solution File, Format Version 11.00
# Visual Studio 2010
Project("{FAE04EC0-301F-11D3-BF4B-00C04F79EFBC}") = "JuanRunner_Test_v2", "Assembly-CSharp.csproj", "{09D07C3C-2DF3-AD31-BC1D-DFB985DF790D}"
EndProject
Project("{FAE04EC0-301F-11D3-BF4B-00C04F79EFBC}") = "JuanRunner_Test_v2", "Assembly-CSharp-Editor.csproj", "{610EC476-B0DD-436D-3F16-CC30BC96479E}"
EndProject
Global
	GlobalSection(SolutionConfigurationPlatforms) = preSolution
		Debug|Any CPU = Debug|Any CPU
		Release|Any CPU = Release|Any CPU
	EndGlobalSection
	GlobalSection(ProjectConfigurationPlatforms) = postSolution
		{09D07C3C-2DF3-AD31-BC1D-DFB985DF790D}.Debug|Any CPU.ActiveCfg = Debug|Any CPU
		{09D07C3C-2DF3-AD31-BC1D-DFB985DF790D}.Debug|Any CPU.Build.0 = Debug|Any CPU
		{09D07C3C-2DF3-AD31-BC1D-DFB985DF790D}.Release|Any CPU.ActiveCfg = Release|Any CPU
		{09D07C3C-2DF3-AD31-BC1D-DFB985DF790D}.Release|Any CPU.Build.0 = Release|Any CPU
		{610EC476-B0DD-436D-3F16-CC30BC96479E}.Debug|Any CPU.ActiveCfg = Debug|Any CPU
		{610EC476-B0DD-436D-3F16-CC30BC96479E}.Debug|Any CPU.Build.0 = Debug|Any CPU
		{610EC476-B0DD-436D-3F16-CC30BC96479E}.Release|Any CPU.ActiveCfg = Release|Any CPU
		{610EC476-B0DD-436D-3F16-CC30BC96479E}.Release|Any CPU.Build.0 = Release|Any CPU
	EndGlobalSection
	GlobalSection(SolutionProperties) = preSolution
		HideSolutionNode = FALSE
	EndGlobalSection
	GlobalSection(MonoDevelopProperties) = preSolution
		StartupItem = Assembly-CSharp.csproj
	EndGlobalSection
EndGlobal
